// !$*UTF8*$!
{
	archiveVersion = 1;
	classes = {
	};
	objectVersion = 46;
	objects = {

/* Begin PBXBuildFile section */
		0D229C081A2CE65F00B023CD /* LocationHelper.m in Sources */ = {isa = PBXBuildFile; fileRef = 0D229C071A2CE65F00B023CD /* LocationHelper.m */; };
		0D2D08C11A2660C6005D1421 /* NetworkRequestsHelper.m in Sources */ = {isa = PBXBuildFile; fileRef = 0D2D08C01A2660C6005D1421 /* NetworkRequestsHelper.m */; };
		0D5579FC1A1BCACA00E97B72 /* main.m in Sources */ = {isa = PBXBuildFile; fileRef = 0D5579FB1A1BCACA00E97B72 /* main.m */; };
		0D5579FF1A1BCACA00E97B72 /* AppDelegate.m in Sources */ = {isa = PBXBuildFile; fileRef = 0D5579FE1A1BCACA00E97B72 /* AppDelegate.m */; };
		0D557A071A1BCACA00E97B72 /* Images.xcassets in Resources */ = {isa = PBXBuildFile; fileRef = 0D557A061A1BCACA00E97B72 /* Images.xcassets */; };
		0D557A0A1A1BCACA00E97B72 /* LaunchScreen.xib in Resources */ = {isa = PBXBuildFile; fileRef = 0D557A081A1BCACA00E97B72 /* LaunchScreen.xib */; };
		0D557A161A1BCACA00E97B72 /* MataAlGochiTests.m in Sources */ = {isa = PBXBuildFile; fileRef = 0D557A151A1BCACA00E97B72 /* MataAlGochiTests.m */; };
		0D557A2C1A1BD50E00E97B72 /* TamagochiNameSelectionViewController.m in Sources */ = {isa = PBXBuildFile; fileRef = 0D557A2A1A1BD50E00E97B72 /* TamagochiNameSelectionViewController.m */; };
		0D557A2D1A1BD50E00E97B72 /* TamagochiNameSelectionViewController.xib in Resources */ = {isa = PBXBuildFile; fileRef = 0D557A2B1A1BD50E00E97B72 /* TamagochiNameSelectionViewController.xib */; };
		0D557A311A1BD54000E97B72 /* TamagochiAssetSelectorViewController.m in Sources */ = {isa = PBXBuildFile; fileRef = 0D557A2F1A1BD54000E97B72 /* TamagochiAssetSelectorViewController.m */; };
		0D557A321A1BD54000E97B72 /* TamagochiAssetSelectorViewController.xib in Resources */ = {isa = PBXBuildFile; fileRef = 0D557A301A1BD54000E97B72 /* TamagochiAssetSelectorViewController.xib */; };
		0D557B471A1BE4AC00E97B72 /* MainSceneViewController.m in Sources */ = {isa = PBXBuildFile; fileRef = 0D557B451A1BE4AC00E97B72 /* MainSceneViewController.m */; };
		0D557B481A1BE4AC00E97B72 /* MainSceneViewController.xib in Resources */ = {isa = PBXBuildFile; fileRef = 0D557B461A1BE4AC00E97B72 /* MainSceneViewController.xib */; };
		0D557B4D1A1CED2C00E97B72 /* MainMenuViewController.m in Sources */ = {isa = PBXBuildFile; fileRef = 0D557B4B1A1CED2C00E97B72 /* MainMenuViewController.m */; };
		0D557B4E1A1CED2C00E97B72 /* MainMenuViewController.xib in Resources */ = {isa = PBXBuildFile; fileRef = 0D557B4C1A1CED2C00E97B72 /* MainMenuViewController.xib */; };
		0D557B531A1D254900E97B72 /* CreationFlow.m in Sources */ = {isa = PBXBuildFile; fileRef = 0D557B521A1D254900E97B72 /* CreationFlow.m */; };
		0D557B591A1D291900E97B72 /* Gochi.m in Sources */ = {isa = PBXBuildFile; fileRef = 0D557B581A1D291900E97B72 /* Gochi.m */; };
		0D557B5D1A1D445A00E97B72 /* Game.m in Sources */ = {isa = PBXBuildFile; fileRef = 0D557B5C1A1D445A00E97B72 /* Game.m */; };
		0D557B6B1A1E52D500E97B72 /* FeedSceneViewController.m in Sources */ = {isa = PBXBuildFile; fileRef = 0D557B691A1E52D500E97B72 /* FeedSceneViewController.m */; };
		0D557B6C1A1E52D500E97B72 /* FeedSceneViewController.xib in Resources */ = {isa = PBXBuildFile; fileRef = 0D557B6A1A1E52D500E97B72 /* FeedSceneViewController.xib */; };
		0D557B701A1E5F7500E97B72 /* Food.m in Sources */ = {isa = PBXBuildFile; fileRef = 0D557B6F1A1E5F7500E97B72 /* Food.m */; };
		0D557B771A1E671300E97B72 /* ImageLoader.m in Sources */ = {isa = PBXBuildFile; fileRef = 0D557B761A1E671300E97B72 /* ImageLoader.m */; };
		0D557B7D1A1E6E7200E97B72 /* FoodTableViewCell.m in Sources */ = {isa = PBXBuildFile; fileRef = 0D557B7B1A1E6E7200E97B72 /* FoodTableViewCell.m */; };
		0D557B7E1A1E6E7200E97B72 /* FoodTableViewCell.xib in Resources */ = {isa = PBXBuildFile; fileRef = 0D557B7C1A1E6E7200E97B72 /* FoodTableViewCell.xib */; };
		0D557B821A1FB1C200E97B72 /* PetFactory.m in Sources */ = {isa = PBXBuildFile; fileRef = 0D557B811A1FB1C200E97B72 /* PetFactory.m */; };
		0D57EA471A28BD4100200A2C /* Parse.framework in Frameworks */ = {isa = PBXBuildFile; fileRef = 0D57EA461A28BD4100200A2C /* Parse.framework */; };
		0D57EA4C1A28BE1100200A2C /* NotificationManager.m in Sources */ = {isa = PBXBuildFile; fileRef = 0D57EA4B1A28BE1100200A2C /* NotificationManager.m */; };
		0D57EA4E1A28C66300200A2C /* AudioToolbox.framework in Frameworks */ = {isa = PBXBuildFile; fileRef = 0D57EA4D1A28C66300200A2C /* AudioToolbox.framework */; };
		0D57EA501A28C66B00200A2C /* CFNetwork.framework in Frameworks */ = {isa = PBXBuildFile; fileRef = 0D57EA4F1A28C66B00200A2C /* CFNetwork.framework */; };
		0D57EA521A28C67200200A2C /* CoreGraphics.framework in Frameworks */ = {isa = PBXBuildFile; fileRef = 0D57EA511A28C67200200A2C /* CoreGraphics.framework */; };
		0D57EA541A28C67900200A2C /* CoreLocation.framework in Frameworks */ = {isa = PBXBuildFile; fileRef = 0D57EA531A28C67900200A2C /* CoreLocation.framework */; };
		0D57EA561A28C68200200A2C /* libz.dylib in Frameworks */ = {isa = PBXBuildFile; fileRef = 0D57EA551A28C68200200A2C /* libz.dylib */; };
		0D57EA581A28C68900200A2C /* MobileCoreServices.framework in Frameworks */ = {isa = PBXBuildFile; fileRef = 0D57EA571A28C68900200A2C /* MobileCoreServices.framework */; };
		0D57EA5A1A28C68F00200A2C /* QuartzCore.framework in Frameworks */ = {isa = PBXBuildFile; fileRef = 0D57EA591A28C68F00200A2C /* QuartzCore.framework */; };
		0D57EA5C1A28C69500200A2C /* Security.framework in Frameworks */ = {isa = PBXBuildFile; fileRef = 0D57EA5B1A28C69500200A2C /* Security.framework */; };
		0D57EA601A28C6A300200A2C /* SystemConfiguration.framework in Frameworks */ = {isa = PBXBuildFile; fileRef = 0D57EA5F1A28C6A300200A2C /* SystemConfiguration.framework */; };
		0D57EA621A28C97400200A2C /* Bolts.framework in Frameworks */ = {isa = PBXBuildFile; fileRef = 0D57EA611A28C97400200A2C /* Bolts.framework */; };
		0D745C111A25006B00251EF1 /* NSTimer+TimerSafeInvalidate.m in Sources */ = {isa = PBXBuildFile; fileRef = 0D745C101A25006B00251EF1 /* NSTimer+TimerSafeInvalidate.m */; };
		0D745C451A26425800251EF1 /* AFHTTPRequestOperation.m in Sources */ = {isa = PBXBuildFile; fileRef = 0D745C331A26425800251EF1 /* AFHTTPRequestOperation.m */; };
		0D745C461A26425800251EF1 /* AFHTTPRequestOperationManager.m in Sources */ = {isa = PBXBuildFile; fileRef = 0D745C351A26425800251EF1 /* AFHTTPRequestOperationManager.m */; };
		0D745C471A26425800251EF1 /* AFHTTPSessionManager.m in Sources */ = {isa = PBXBuildFile; fileRef = 0D745C371A26425800251EF1 /* AFHTTPSessionManager.m */; };
		0D745C481A26425800251EF1 /* AFNetworkReachabilityManager.m in Sources */ = {isa = PBXBuildFile; fileRef = 0D745C3A1A26425800251EF1 /* AFNetworkReachabilityManager.m */; };
		0D745C491A26425800251EF1 /* AFSecurityPolicy.m in Sources */ = {isa = PBXBuildFile; fileRef = 0D745C3C1A26425800251EF1 /* AFSecurityPolicy.m */; };
		0D745C4A1A26425800251EF1 /* AFURLConnectionOperation.m in Sources */ = {isa = PBXBuildFile; fileRef = 0D745C3E1A26425800251EF1 /* AFURLConnectionOperation.m */; };
		0D745C4B1A26425800251EF1 /* AFURLRequestSerialization.m in Sources */ = {isa = PBXBuildFile; fileRef = 0D745C401A26425800251EF1 /* AFURLRequestSerialization.m */; };
		0D745C4C1A26425800251EF1 /* AFURLResponseSerialization.m in Sources */ = {isa = PBXBuildFile; fileRef = 0D745C421A26425800251EF1 /* AFURLResponseSerialization.m */; };
		0D745C4D1A26425800251EF1 /* AFURLSessionManager.m in Sources */ = {isa = PBXBuildFile; fileRef = 0D745C441A26425800251EF1 /* AFURLSessionManager.m */; };
		0D745C641A2644F200251EF1 /* AFNetworkActivityIndicatorManager.m in Sources */ = {isa = PBXBuildFile; fileRef = 0D745C541A2644F200251EF1 /* AFNetworkActivityIndicatorManager.m */; };
		0D745C651A2644F200251EF1 /* UIActivityIndicatorView+AFNetworking.m in Sources */ = {isa = PBXBuildFile; fileRef = 0D745C561A2644F200251EF1 /* UIActivityIndicatorView+AFNetworking.m */; };
		0D745C661A2644F200251EF1 /* UIAlertView+AFNetworking.m in Sources */ = {isa = PBXBuildFile; fileRef = 0D745C581A2644F200251EF1 /* UIAlertView+AFNetworking.m */; };
		0D745C671A2644F200251EF1 /* UIButton+AFNetworking.m in Sources */ = {isa = PBXBuildFile; fileRef = 0D745C5A1A2644F200251EF1 /* UIButton+AFNetworking.m */; };
		0D745C681A2644F200251EF1 /* UIImageView+AFNetworking.m in Sources */ = {isa = PBXBuildFile; fileRef = 0D745C5C1A2644F200251EF1 /* UIImageView+AFNetworking.m */; };
		0D745C691A2644F200251EF1 /* UIProgressView+AFNetworking.m in Sources */ = {isa = PBXBuildFile; fileRef = 0D745C5F1A2644F200251EF1 /* UIProgressView+AFNetworking.m */; };
		0D745C6A1A2644F200251EF1 /* UIRefreshControl+AFNetworking.m in Sources */ = {isa = PBXBuildFile; fileRef = 0D745C611A2644F200251EF1 /* UIRefreshControl+AFNetworking.m */; };
		0D745C6B1A2644F200251EF1 /* UIWebView+AFNetworking.m in Sources */ = {isa = PBXBuildFile; fileRef = 0D745C631A2644F200251EF1 /* UIWebView+AFNetworking.m */; };
		0D745C721A26465500251EF1 /* NetworkManager.m in Sources */ = {isa = PBXBuildFile; fileRef = 0D745C711A26465500251EF1 /* NetworkManager.m */; };
		0DF3D9B61A2C8E7500D0800A /* GochiTableViewCell.m in Sources */ = {isa = PBXBuildFile; fileRef = 0DF3D9B41A2C8E7500D0800A /* GochiTableViewCell.m */; };
		0DF3D9B71A2C8E7500D0800A /* GochiTableViewCell.xib in Resources */ = {isa = PBXBuildFile; fileRef = 0DF3D9B51A2C8E7500D0800A /* GochiTableViewCell.xib */; };
		0DF3D9BC1A2CB16E00D0800A /* RankingSceneViewController.m in Sources */ = {isa = PBXBuildFile; fileRef = 0DF3D9BA1A2CB16E00D0800A /* RankingSceneViewController.m */; };
		0DF3D9BD1A2CB16E00D0800A /* RankingSceneViewController.xib in Resources */ = {isa = PBXBuildFile; fileRef = 0DF3D9BB1A2CB16E00D0800A /* RankingSceneViewController.xib */; };
/* End PBXBuildFile section */

/* Begin PBXContainerItemProxy section */
		0D557A101A1BCACA00E97B72 /* PBXContainerItemProxy */ = {
			isa = PBXContainerItemProxy;
			containerPortal = 0D5579EE1A1BCACA00E97B72 /* Project object */;
			proxyType = 1;
			remoteGlobalIDString = 0D5579F51A1BCACA00E97B72;
			remoteInfo = MataAlGochi;
		};
/* End PBXContainerItemProxy section */

/* Begin PBXFileReference section */
		0D229C061A2CE65F00B023CD /* LocationHelper.h */ = {isa = PBXFileReference; fileEncoding = 4; lastKnownFileType = sourcecode.c.h; path = LocationHelper.h; sourceTree = "<group>"; };
		0D229C071A2CE65F00B023CD /* LocationHelper.m */ = {isa = PBXFileReference; fileEncoding = 4; lastKnownFileType = sourcecode.c.objc; path = LocationHelper.m; sourceTree = "<group>"; };
		0D229C091A2D019B00B023CD /* ButtonConstants.h */ = {isa = PBXFileReference; lastKnownFileType = sourcecode.c.h; path = ButtonConstants.h; sourceTree = "<group>"; };
		0D2D08BF1A2660C6005D1421 /* NetworkRequestsHelper.h */ = {isa = PBXFileReference; fileEncoding = 4; lastKnownFileType = sourcecode.c.h; path = NetworkRequestsHelper.h; sourceTree = "<group>"; };
		0D2D08C01A2660C6005D1421 /* NetworkRequestsHelper.m */ = {isa = PBXFileReference; fileEncoding = 4; lastKnownFileType = sourcecode.c.objc; path = NetworkRequestsHelper.m; sourceTree = "<group>"; };
		0D5579F61A1BCACA00E97B72 /* MataAlGochi.app */ = {isa = PBXFileReference; explicitFileType = wrapper.application; includeInIndex = 0; path = MataAlGochi.app; sourceTree = BUILT_PRODUCTS_DIR; };
		0D5579FA1A1BCACA00E97B72 /* Info.plist */ = {isa = PBXFileReference; lastKnownFileType = text.plist.xml; path = Info.plist; sourceTree = "<group>"; };
		0D5579FB1A1BCACA00E97B72 /* main.m */ = {isa = PBXFileReference; lastKnownFileType = sourcecode.c.objc; path = main.m; sourceTree = "<group>"; };
		0D5579FD1A1BCACA00E97B72 /* AppDelegate.h */ = {isa = PBXFileReference; lastKnownFileType = sourcecode.c.h; path = AppDelegate.h; sourceTree = "<group>"; };
		0D5579FE1A1BCACA00E97B72 /* AppDelegate.m */ = {isa = PBXFileReference; lastKnownFileType = sourcecode.c.objc; path = AppDelegate.m; sourceTree = "<group>"; };
		0D557A061A1BCACA00E97B72 /* Images.xcassets */ = {isa = PBXFileReference; lastKnownFileType = folder.assetcatalog; path = Images.xcassets; sourceTree = "<group>"; };
		0D557A091A1BCACA00E97B72 /* Base */ = {isa = PBXFileReference; lastKnownFileType = file.xib; name = Base; path = Base.lproj/LaunchScreen.xib; sourceTree = "<group>"; };
		0D557A0F1A1BCACA00E97B72 /* MataAlGochiTests.xctest */ = {isa = PBXFileReference; explicitFileType = wrapper.cfbundle; includeInIndex = 0; path = MataAlGochiTests.xctest; sourceTree = BUILT_PRODUCTS_DIR; };
		0D557A141A1BCACA00E97B72 /* Info.plist */ = {isa = PBXFileReference; lastKnownFileType = text.plist.xml; path = Info.plist; sourceTree = "<group>"; };
		0D557A151A1BCACA00E97B72 /* MataAlGochiTests.m */ = {isa = PBXFileReference; lastKnownFileType = sourcecode.c.objc; path = MataAlGochiTests.m; sourceTree = "<group>"; };
		0D557A291A1BD50E00E97B72 /* TamagochiNameSelectionViewController.h */ = {isa = PBXFileReference; fileEncoding = 4; lastKnownFileType = sourcecode.c.h; path = TamagochiNameSelectionViewController.h; sourceTree = "<group>"; };
		0D557A2A1A1BD50E00E97B72 /* TamagochiNameSelectionViewController.m */ = {isa = PBXFileReference; fileEncoding = 4; lastKnownFileType = sourcecode.c.objc; path = TamagochiNameSelectionViewController.m; sourceTree = "<group>"; };
		0D557A2B1A1BD50E00E97B72 /* TamagochiNameSelectionViewController.xib */ = {isa = PBXFileReference; fileEncoding = 4; lastKnownFileType = file.xib; path = TamagochiNameSelectionViewController.xib; sourceTree = "<group>"; };
		0D557A2E1A1BD54000E97B72 /* TamagochiAssetSelectorViewController.h */ = {isa = PBXFileReference; fileEncoding = 4; lastKnownFileType = sourcecode.c.h; path = TamagochiAssetSelectorViewController.h; sourceTree = "<group>"; };
		0D557A2F1A1BD54000E97B72 /* TamagochiAssetSelectorViewController.m */ = {isa = PBXFileReference; fileEncoding = 4; lastKnownFileType = sourcecode.c.objc; path = TamagochiAssetSelectorViewController.m; sourceTree = "<group>"; };
		0D557A301A1BD54000E97B72 /* TamagochiAssetSelectorViewController.xib */ = {isa = PBXFileReference; fileEncoding = 4; lastKnownFileType = file.xib; path = TamagochiAssetSelectorViewController.xib; sourceTree = "<group>"; };
		0D557B441A1BE4AC00E97B72 /* MainSceneViewController.h */ = {isa = PBXFileReference; fileEncoding = 4; lastKnownFileType = sourcecode.c.h; path = MainSceneViewController.h; sourceTree = "<group>"; };
		0D557B451A1BE4AC00E97B72 /* MainSceneViewController.m */ = {isa = PBXFileReference; fileEncoding = 4; lastKnownFileType = sourcecode.c.objc; path = MainSceneViewController.m; sourceTree = "<group>"; };
		0D557B461A1BE4AC00E97B72 /* MainSceneViewController.xib */ = {isa = PBXFileReference; fileEncoding = 4; lastKnownFileType = file.xib; path = MainSceneViewController.xib; sourceTree = "<group>"; };
		0D557B4A1A1CED2C00E97B72 /* MainMenuViewController.h */ = {isa = PBXFileReference; fileEncoding = 4; lastKnownFileType = sourcecode.c.h; path = MainMenuViewController.h; sourceTree = "<group>"; };
		0D557B4B1A1CED2C00E97B72 /* MainMenuViewController.m */ = {isa = PBXFileReference; fileEncoding = 4; lastKnownFileType = sourcecode.c.objc; path = MainMenuViewController.m; sourceTree = "<group>"; };
		0D557B4C1A1CED2C00E97B72 /* MainMenuViewController.xib */ = {isa = PBXFileReference; fileEncoding = 4; lastKnownFileType = file.xib; path = MainMenuViewController.xib; sourceTree = "<group>"; };
		0D557B511A1D254900E97B72 /* CreationFlow.h */ = {isa = PBXFileReference; fileEncoding = 4; lastKnownFileType = sourcecode.c.h; path = CreationFlow.h; sourceTree = "<group>"; };
		0D557B521A1D254900E97B72 /* CreationFlow.m */ = {isa = PBXFileReference; fileEncoding = 4; lastKnownFileType = sourcecode.c.objc; path = CreationFlow.m; sourceTree = "<group>"; };
		0D557B561A1D275100E97B72 /* PetConstants.h */ = {isa = PBXFileReference; lastKnownFileType = sourcecode.c.h; path = PetConstants.h; sourceTree = "<group>"; };
		0D557B571A1D291900E97B72 /* Gochi.h */ = {isa = PBXFileReference; fileEncoding = 4; lastKnownFileType = sourcecode.c.h; path = Gochi.h; sourceTree = "<group>"; };
		0D557B581A1D291900E97B72 /* Gochi.m */ = {isa = PBXFileReference; fileEncoding = 4; lastKnownFileType = sourcecode.c.objc; path = Gochi.m; sourceTree = "<group>"; };
		0D557B5B1A1D445A00E97B72 /* Game.h */ = {isa = PBXFileReference; fileEncoding = 4; lastKnownFileType = sourcecode.c.h; path = Game.h; sourceTree = "<group>"; };
		0D557B5C1A1D445A00E97B72 /* Game.m */ = {isa = PBXFileReference; fileEncoding = 4; lastKnownFileType = sourcecode.c.objc; path = Game.m; sourceTree = "<group>"; };
		0D557B681A1E52D500E97B72 /* FeedSceneViewController.h */ = {isa = PBXFileReference; fileEncoding = 4; lastKnownFileType = sourcecode.c.h; path = FeedSceneViewController.h; sourceTree = "<group>"; };
		0D557B691A1E52D500E97B72 /* FeedSceneViewController.m */ = {isa = PBXFileReference; fileEncoding = 4; lastKnownFileType = sourcecode.c.objc; path = FeedSceneViewController.m; sourceTree = "<group>"; };
		0D557B6A1A1E52D500E97B72 /* FeedSceneViewController.xib */ = {isa = PBXFileReference; fileEncoding = 4; lastKnownFileType = file.xib; path = FeedSceneViewController.xib; sourceTree = "<group>"; };
		0D557B6E1A1E5F7500E97B72 /* Food.h */ = {isa = PBXFileReference; fileEncoding = 4; lastKnownFileType = sourcecode.c.h; path = Food.h; sourceTree = "<group>"; };
		0D557B6F1A1E5F7500E97B72 /* Food.m */ = {isa = PBXFileReference; fileEncoding = 4; lastKnownFileType = sourcecode.c.objc; path = Food.m; sourceTree = "<group>"; };
		0D557B711A1E5FA300E97B72 /* FoodConstants.h */ = {isa = PBXFileReference; lastKnownFileType = sourcecode.c.h; path = FoodConstants.h; sourceTree = "<group>"; };
		0D557B751A1E671300E97B72 /* ImageLoader.h */ = {isa = PBXFileReference; fileEncoding = 4; lastKnownFileType = sourcecode.c.h; path = ImageLoader.h; sourceTree = "<group>"; };
		0D557B761A1E671300E97B72 /* ImageLoader.m */ = {isa = PBXFileReference; fileEncoding = 4; lastKnownFileType = sourcecode.c.objc; path = ImageLoader.m; sourceTree = "<group>"; };
		0D557B7A1A1E6E7200E97B72 /* FoodTableViewCell.h */ = {isa = PBXFileReference; fileEncoding = 4; lastKnownFileType = sourcecode.c.h; path = FoodTableViewCell.h; sourceTree = "<group>"; };
		0D557B7B1A1E6E7200E97B72 /* FoodTableViewCell.m */ = {isa = PBXFileReference; fileEncoding = 4; lastKnownFileType = sourcecode.c.objc; path = FoodTableViewCell.m; sourceTree = "<group>"; };
		0D557B7C1A1E6E7200E97B72 /* FoodTableViewCell.xib */ = {isa = PBXFileReference; fileEncoding = 4; lastKnownFileType = file.xib; path = FoodTableViewCell.xib; sourceTree = "<group>"; };
		0D557B801A1FB1C200E97B72 /* PetFactory.h */ = {isa = PBXFileReference; fileEncoding = 4; lastKnownFileType = sourcecode.c.h; path = PetFactory.h; sourceTree = "<group>"; };
		0D557B811A1FB1C200E97B72 /* PetFactory.m */ = {isa = PBXFileReference; fileEncoding = 4; lastKnownFileType = sourcecode.c.objc; path = PetFactory.m; sourceTree = "<group>"; };
		0D57EA461A28BD4100200A2C /* Parse.framework */ = {isa = PBXFileReference; lastKnownFileType = wrapper.framework; name = Parse.framework; path = "MataAlGochi/ThirdParty/Parse/parse-library-1.5.0/Parse.framework"; sourceTree = "<group>"; };
		0D57EA4A1A28BE1100200A2C /* NotificationManager.h */ = {isa = PBXFileReference; fileEncoding = 4; lastKnownFileType = sourcecode.c.h; path = NotificationManager.h; sourceTree = "<group>"; };
		0D57EA4B1A28BE1100200A2C /* NotificationManager.m */ = {isa = PBXFileReference; fileEncoding = 4; lastKnownFileType = sourcecode.c.objc; path = NotificationManager.m; sourceTree = "<group>"; };
		0D57EA4D1A28C66300200A2C /* AudioToolbox.framework */ = {isa = PBXFileReference; lastKnownFileType = wrapper.framework; name = AudioToolbox.framework; path = System/Library/Frameworks/AudioToolbox.framework; sourceTree = SDKROOT; };
		0D57EA4F1A28C66B00200A2C /* CFNetwork.framework */ = {isa = PBXFileReference; lastKnownFileType = wrapper.framework; name = CFNetwork.framework; path = System/Library/Frameworks/CFNetwork.framework; sourceTree = SDKROOT; };
		0D57EA511A28C67200200A2C /* CoreGraphics.framework */ = {isa = PBXFileReference; lastKnownFileType = wrapper.framework; name = CoreGraphics.framework; path = System/Library/Frameworks/CoreGraphics.framework; sourceTree = SDKROOT; };
		0D57EA531A28C67900200A2C /* CoreLocation.framework */ = {isa = PBXFileReference; lastKnownFileType = wrapper.framework; name = CoreLocation.framework; path = System/Library/Frameworks/CoreLocation.framework; sourceTree = SDKROOT; };
		0D57EA551A28C68200200A2C /* libz.dylib */ = {isa = PBXFileReference; lastKnownFileType = "compiled.mach-o.dylib"; name = libz.dylib; path = usr/lib/libz.dylib; sourceTree = SDKROOT; };
		0D57EA571A28C68900200A2C /* MobileCoreServices.framework */ = {isa = PBXFileReference; lastKnownFileType = wrapper.framework; name = MobileCoreServices.framework; path = System/Library/Frameworks/MobileCoreServices.framework; sourceTree = SDKROOT; };
		0D57EA591A28C68F00200A2C /* QuartzCore.framework */ = {isa = PBXFileReference; lastKnownFileType = wrapper.framework; name = QuartzCore.framework; path = System/Library/Frameworks/QuartzCore.framework; sourceTree = SDKROOT; };
		0D57EA5B1A28C69500200A2C /* Security.framework */ = {isa = PBXFileReference; lastKnownFileType = wrapper.framework; name = Security.framework; path = System/Library/Frameworks/Security.framework; sourceTree = SDKROOT; };
		0D57EA5F1A28C6A300200A2C /* SystemConfiguration.framework */ = {isa = PBXFileReference; lastKnownFileType = wrapper.framework; name = SystemConfiguration.framework; path = System/Library/Frameworks/SystemConfiguration.framework; sourceTree = SDKROOT; };
		0D57EA611A28C97400200A2C /* Bolts.framework */ = {isa = PBXFileReference; lastKnownFileType = wrapper.framework; name = Bolts.framework; path = "MataAlGochi/ThirdParty/Parse/parse-library-1.5.0/Bolts.framework"; sourceTree = "<group>"; };
		0D57EA631A28EBDE00200A2C /* NotificationConstants.h */ = {isa = PBXFileReference; lastKnownFileType = sourcecode.c.h; path = NotificationConstants.h; sourceTree = "<group>"; };
		0D745C0A1A2378D500251EF1 /* GochiDelegate.h */ = {isa = PBXFileReference; fileEncoding = 4; lastKnownFileType = sourcecode.c.h; path = GochiDelegate.h; sourceTree = "<group>"; };
		0D745C0D1A23C4C300251EF1 /* GameDelegate.h */ = {isa = PBXFileReference; lastKnownFileType = sourcecode.c.h; path = GameDelegate.h; sourceTree = "<group>"; };
		0D745C0F1A25006B00251EF1 /* NSTimer+TimerSafeInvalidate.h */ = {isa = PBXFileReference; fileEncoding = 4; lastKnownFileType = sourcecode.c.h; path = "NSTimer+TimerSafeInvalidate.h"; sourceTree = "<group>"; };
		0D745C101A25006B00251EF1 /* NSTimer+TimerSafeInvalidate.m */ = {isa = PBXFileReference; fileEncoding = 4; lastKnownFileType = sourcecode.c.objc; path = "NSTimer+TimerSafeInvalidate.m"; sourceTree = "<group>"; };
		0D745C321A26425800251EF1 /* AFHTTPRequestOperation.h */ = {isa = PBXFileReference; fileEncoding = 4; lastKnownFileType = sourcecode.c.h; path = AFHTTPRequestOperation.h; sourceTree = "<group>"; };
		0D745C331A26425800251EF1 /* AFHTTPRequestOperation.m */ = {isa = PBXFileReference; fileEncoding = 4; lastKnownFileType = sourcecode.c.objc; path = AFHTTPRequestOperation.m; sourceTree = "<group>"; };
		0D745C341A26425800251EF1 /* AFHTTPRequestOperationManager.h */ = {isa = PBXFileReference; fileEncoding = 4; lastKnownFileType = sourcecode.c.h; path = AFHTTPRequestOperationManager.h; sourceTree = "<group>"; };
		0D745C351A26425800251EF1 /* AFHTTPRequestOperationManager.m */ = {isa = PBXFileReference; fileEncoding = 4; lastKnownFileType = sourcecode.c.objc; path = AFHTTPRequestOperationManager.m; sourceTree = "<group>"; };
		0D745C361A26425800251EF1 /* AFHTTPSessionManager.h */ = {isa = PBXFileReference; fileEncoding = 4; lastKnownFileType = sourcecode.c.h; path = AFHTTPSessionManager.h; sourceTree = "<group>"; };
		0D745C371A26425800251EF1 /* AFHTTPSessionManager.m */ = {isa = PBXFileReference; fileEncoding = 4; lastKnownFileType = sourcecode.c.objc; path = AFHTTPSessionManager.m; sourceTree = "<group>"; };
		0D745C381A26425800251EF1 /* AFNetworking.h */ = {isa = PBXFileReference; fileEncoding = 4; lastKnownFileType = sourcecode.c.h; path = AFNetworking.h; sourceTree = "<group>"; };
		0D745C391A26425800251EF1 /* AFNetworkReachabilityManager.h */ = {isa = PBXFileReference; fileEncoding = 4; lastKnownFileType = sourcecode.c.h; path = AFNetworkReachabilityManager.h; sourceTree = "<group>"; };
		0D745C3A1A26425800251EF1 /* AFNetworkReachabilityManager.m */ = {isa = PBXFileReference; fileEncoding = 4; lastKnownFileType = sourcecode.c.objc; path = AFNetworkReachabilityManager.m; sourceTree = "<group>"; };
		0D745C3B1A26425800251EF1 /* AFSecurityPolicy.h */ = {isa = PBXFileReference; fileEncoding = 4; lastKnownFileType = sourcecode.c.h; path = AFSecurityPolicy.h; sourceTree = "<group>"; };
		0D745C3C1A26425800251EF1 /* AFSecurityPolicy.m */ = {isa = PBXFileReference; fileEncoding = 4; lastKnownFileType = sourcecode.c.objc; path = AFSecurityPolicy.m; sourceTree = "<group>"; };
		0D745C3D1A26425800251EF1 /* AFURLConnectionOperation.h */ = {isa = PBXFileReference; fileEncoding = 4; lastKnownFileType = sourcecode.c.h; path = AFURLConnectionOperation.h; sourceTree = "<group>"; };
		0D745C3E1A26425800251EF1 /* AFURLConnectionOperation.m */ = {isa = PBXFileReference; fileEncoding = 4; lastKnownFileType = sourcecode.c.objc; path = AFURLConnectionOperation.m; sourceTree = "<group>"; };
		0D745C3F1A26425800251EF1 /* AFURLRequestSerialization.h */ = {isa = PBXFileReference; fileEncoding = 4; lastKnownFileType = sourcecode.c.h; path = AFURLRequestSerialization.h; sourceTree = "<group>"; };
		0D745C401A26425800251EF1 /* AFURLRequestSerialization.m */ = {isa = PBXFileReference; fileEncoding = 4; lastKnownFileType = sourcecode.c.objc; path = AFURLRequestSerialization.m; sourceTree = "<group>"; };
		0D745C411A26425800251EF1 /* AFURLResponseSerialization.h */ = {isa = PBXFileReference; fileEncoding = 4; lastKnownFileType = sourcecode.c.h; path = AFURLResponseSerialization.h; sourceTree = "<group>"; };
		0D745C421A26425800251EF1 /* AFURLResponseSerialization.m */ = {isa = PBXFileReference; fileEncoding = 4; lastKnownFileType = sourcecode.c.objc; path = AFURLResponseSerialization.m; sourceTree = "<group>"; };
		0D745C431A26425800251EF1 /* AFURLSessionManager.h */ = {isa = PBXFileReference; fileEncoding = 4; lastKnownFileType = sourcecode.c.h; path = AFURLSessionManager.h; sourceTree = "<group>"; };
		0D745C441A26425800251EF1 /* AFURLSessionManager.m */ = {isa = PBXFileReference; fileEncoding = 4; lastKnownFileType = sourcecode.c.objc; path = AFURLSessionManager.m; sourceTree = "<group>"; };
		0D745C531A2644F200251EF1 /* AFNetworkActivityIndicatorManager.h */ = {isa = PBXFileReference; fileEncoding = 4; lastKnownFileType = sourcecode.c.h; path = AFNetworkActivityIndicatorManager.h; sourceTree = "<group>"; };
		0D745C541A2644F200251EF1 /* AFNetworkActivityIndicatorManager.m */ = {isa = PBXFileReference; fileEncoding = 4; lastKnownFileType = sourcecode.c.objc; path = AFNetworkActivityIndicatorManager.m; sourceTree = "<group>"; };
		0D745C551A2644F200251EF1 /* UIActivityIndicatorView+AFNetworking.h */ = {isa = PBXFileReference; fileEncoding = 4; lastKnownFileType = sourcecode.c.h; path = "UIActivityIndicatorView+AFNetworking.h"; sourceTree = "<group>"; };
		0D745C561A2644F200251EF1 /* UIActivityIndicatorView+AFNetworking.m */ = {isa = PBXFileReference; fileEncoding = 4; lastKnownFileType = sourcecode.c.objc; path = "UIActivityIndicatorView+AFNetworking.m"; sourceTree = "<group>"; };
		0D745C571A2644F200251EF1 /* UIAlertView+AFNetworking.h */ = {isa = PBXFileReference; fileEncoding = 4; lastKnownFileType = sourcecode.c.h; path = "UIAlertView+AFNetworking.h"; sourceTree = "<group>"; };
		0D745C581A2644F200251EF1 /* UIAlertView+AFNetworking.m */ = {isa = PBXFileReference; fileEncoding = 4; lastKnownFileType = sourcecode.c.objc; path = "UIAlertView+AFNetworking.m"; sourceTree = "<group>"; };
		0D745C591A2644F200251EF1 /* UIButton+AFNetworking.h */ = {isa = PBXFileReference; fileEncoding = 4; lastKnownFileType = sourcecode.c.h; path = "UIButton+AFNetworking.h"; sourceTree = "<group>"; };
		0D745C5A1A2644F200251EF1 /* UIButton+AFNetworking.m */ = {isa = PBXFileReference; fileEncoding = 4; lastKnownFileType = sourcecode.c.objc; path = "UIButton+AFNetworking.m"; sourceTree = "<group>"; };
		0D745C5B1A2644F200251EF1 /* UIImageView+AFNetworking.h */ = {isa = PBXFileReference; fileEncoding = 4; lastKnownFileType = sourcecode.c.h; path = "UIImageView+AFNetworking.h"; sourceTree = "<group>"; };
		0D745C5C1A2644F200251EF1 /* UIImageView+AFNetworking.m */ = {isa = PBXFileReference; fileEncoding = 4; lastKnownFileType = sourcecode.c.objc; path = "UIImageView+AFNetworking.m"; sourceTree = "<group>"; };
		0D745C5D1A2644F200251EF1 /* UIKit+AFNetworking.h */ = {isa = PBXFileReference; fileEncoding = 4; lastKnownFileType = sourcecode.c.h; path = "UIKit+AFNetworking.h"; sourceTree = "<group>"; };
		0D745C5E1A2644F200251EF1 /* UIProgressView+AFNetworking.h */ = {isa = PBXFileReference; fileEncoding = 4; lastKnownFileType = sourcecode.c.h; path = "UIProgressView+AFNetworking.h"; sourceTree = "<group>"; };
		0D745C5F1A2644F200251EF1 /* UIProgressView+AFNetworking.m */ = {isa = PBXFileReference; fileEncoding = 4; lastKnownFileType = sourcecode.c.objc; path = "UIProgressView+AFNetworking.m"; sourceTree = "<group>"; };
		0D745C601A2644F200251EF1 /* UIRefreshControl+AFNetworking.h */ = {isa = PBXFileReference; fileEncoding = 4; lastKnownFileType = sourcecode.c.h; path = "UIRefreshControl+AFNetworking.h"; sourceTree = "<group>"; };
		0D745C611A2644F200251EF1 /* UIRefreshControl+AFNetworking.m */ = {isa = PBXFileReference; fileEncoding = 4; lastKnownFileType = sourcecode.c.objc; path = "UIRefreshControl+AFNetworking.m"; sourceTree = "<group>"; };
		0D745C621A2644F200251EF1 /* UIWebView+AFNetworking.h */ = {isa = PBXFileReference; fileEncoding = 4; lastKnownFileType = sourcecode.c.h; path = "UIWebView+AFNetworking.h"; sourceTree = "<group>"; };
		0D745C631A2644F200251EF1 /* UIWebView+AFNetworking.m */ = {isa = PBXFileReference; fileEncoding = 4; lastKnownFileType = sourcecode.c.objc; path = "UIWebView+AFNetworking.m"; sourceTree = "<group>"; };
		0D745C701A26465500251EF1 /* NetworkManager.h */ = {isa = PBXFileReference; fileEncoding = 4; lastKnownFileType = sourcecode.c.h; path = NetworkManager.h; sourceTree = "<group>"; };
		0D745C711A26465500251EF1 /* NetworkManager.m */ = {isa = PBXFileReference; fileEncoding = 4; lastKnownFileType = sourcecode.c.objc; path = NetworkManager.m; sourceTree = "<group>"; };
		0DF3D9B31A2C8E7500D0800A /* GochiTableViewCell.h */ = {isa = PBXFileReference; fileEncoding = 4; lastKnownFileType = sourcecode.c.h; path = GochiTableViewCell.h; sourceTree = "<group>"; };
		0DF3D9B41A2C8E7500D0800A /* GochiTableViewCell.m */ = {isa = PBXFileReference; fileEncoding = 4; lastKnownFileType = sourcecode.c.objc; path = GochiTableViewCell.m; sourceTree = "<group>"; };
		0DF3D9B51A2C8E7500D0800A /* GochiTableViewCell.xib */ = {isa = PBXFileReference; fileEncoding = 4; lastKnownFileType = file.xib; path = GochiTableViewCell.xib; sourceTree = "<group>"; };
		0DF3D9B91A2CB16E00D0800A /* RankingSceneViewController.h */ = {isa = PBXFileReference; fileEncoding = 4; lastKnownFileType = sourcecode.c.h; path = RankingSceneViewController.h; sourceTree = "<group>"; };
		0DF3D9BA1A2CB16E00D0800A /* RankingSceneViewController.m */ = {isa = PBXFileReference; fileEncoding = 4; lastKnownFileType = sourcecode.c.objc; path = RankingSceneViewController.m; sourceTree = "<group>"; };
		0DF3D9BB1A2CB16E00D0800A /* RankingSceneViewController.xib */ = {isa = PBXFileReference; fileEncoding = 4; lastKnownFileType = file.xib; path = RankingSceneViewController.xib; sourceTree = "<group>"; };
/* End PBXFileReference section */

/* Begin PBXFrameworksBuildPhase section */
		0D5579F31A1BCACA00E97B72 /* Frameworks */ = {
			isa = PBXFrameworksBuildPhase;
			buildActionMask = 2147483647;
			files = (
				0D57EA621A28C97400200A2C /* Bolts.framework in Frameworks */,
				0D57EA601A28C6A300200A2C /* SystemConfiguration.framework in Frameworks */,
				0D57EA5C1A28C69500200A2C /* Security.framework in Frameworks */,
				0D57EA5A1A28C68F00200A2C /* QuartzCore.framework in Frameworks */,
				0D57EA581A28C68900200A2C /* MobileCoreServices.framework in Frameworks */,
				0D57EA561A28C68200200A2C /* libz.dylib in Frameworks */,
				0D57EA541A28C67900200A2C /* CoreLocation.framework in Frameworks */,
				0D57EA521A28C67200200A2C /* CoreGraphics.framework in Frameworks */,
				0D57EA501A28C66B00200A2C /* CFNetwork.framework in Frameworks */,
				0D57EA4E1A28C66300200A2C /* AudioToolbox.framework in Frameworks */,
				0D57EA471A28BD4100200A2C /* Parse.framework in Frameworks */,
			);
			runOnlyForDeploymentPostprocessing = 0;
		};
		0D557A0C1A1BCACA00E97B72 /* Frameworks */ = {
			isa = PBXFrameworksBuildPhase;
			buildActionMask = 2147483647;
			files = (
			);
			runOnlyForDeploymentPostprocessing = 0;
		};
/* End PBXFrameworksBuildPhase section */

/* Begin PBXGroup section */
		0D229C051A2CE64600B023CD /* Tracking */ = {
			isa = PBXGroup;
			children = (
				0D229C061A2CE65F00B023CD /* LocationHelper.h */,
				0D229C071A2CE65F00B023CD /* LocationHelper.m */,
			);
			path = Tracking;
			sourceTree = "<group>";
		};
		0D5579ED1A1BCACA00E97B72 = {
			isa = PBXGroup;
			children = (
				0D57EA611A28C97400200A2C /* Bolts.framework */,
				0D57EA5F1A28C6A300200A2C /* SystemConfiguration.framework */,
				0D57EA5B1A28C69500200A2C /* Security.framework */,
				0D57EA591A28C68F00200A2C /* QuartzCore.framework */,
				0D57EA571A28C68900200A2C /* MobileCoreServices.framework */,
				0D57EA551A28C68200200A2C /* libz.dylib */,
				0D57EA531A28C67900200A2C /* CoreLocation.framework */,
				0D57EA511A28C67200200A2C /* CoreGraphics.framework */,
				0D57EA4F1A28C66B00200A2C /* CFNetwork.framework */,
				0D57EA4D1A28C66300200A2C /* AudioToolbox.framework */,
				0D57EA461A28BD4100200A2C /* Parse.framework */,
				0D5579F81A1BCACA00E97B72 /* MataAlGochi */,
				0D557A121A1BCACA00E97B72 /* MataAlGochiTests */,
				0D5579F71A1BCACA00E97B72 /* Products */,
			);
			sourceTree = "<group>";
		};
		0D5579F71A1BCACA00E97B72 /* Products */ = {
			isa = PBXGroup;
			children = (
				0D5579F61A1BCACA00E97B72 /* MataAlGochi.app */,
				0D557A0F1A1BCACA00E97B72 /* MataAlGochiTests.xctest */,
			);
			name = Products;
			sourceTree = "<group>";
		};
		0D5579F81A1BCACA00E97B72 /* MataAlGochi */ = {
			isa = PBXGroup;
			children = (
				0D57EA481A28BD7000200A2C /* Notifications */,
				0D745C301A26425800251EF1 /* ThirdParty */,
				0D745C0E1A24FFEA00251EF1 /* Categories */,
				0D557B781A1E6E0300E97B72 /* UI */,
				0D557B551A1D272100E97B72 /* Constants */,
				0D557B4F1A1D250100E97B72 /* Classes */,
				0D557A241A1BD50E00E97B72 /* scenes */,
				0D5579FD1A1BCACA00E97B72 /* AppDelegate.h */,
				0D5579FE1A1BCACA00E97B72 /* AppDelegate.m */,
				0D557A061A1BCACA00E97B72 /* Images.xcassets */,
				0D557A081A1BCACA00E97B72 /* LaunchScreen.xib */,
				0D5579F91A1BCACA00E97B72 /* Supporting Files */,
			);
			path = MataAlGochi;
			sourceTree = "<group>";
		};
		0D5579F91A1BCACA00E97B72 /* Supporting Files */ = {
			isa = PBXGroup;
			children = (
				0D5579FA1A1BCACA00E97B72 /* Info.plist */,
				0D5579FB1A1BCACA00E97B72 /* main.m */,
			);
			name = "Supporting Files";
			sourceTree = "<group>";
		};
		0D557A121A1BCACA00E97B72 /* MataAlGochiTests */ = {
			isa = PBXGroup;
			children = (
				0D557A151A1BCACA00E97B72 /* MataAlGochiTests.m */,
				0D557A131A1BCACA00E97B72 /* Supporting Files */,
			);
			path = MataAlGochiTests;
			sourceTree = "<group>";
		};
		0D557A131A1BCACA00E97B72 /* Supporting Files */ = {
			isa = PBXGroup;
			children = (
				0D557A141A1BCACA00E97B72 /* Info.plist */,
			);
			name = "Supporting Files";
			sourceTree = "<group>";
		};
		0D557A241A1BD50E00E97B72 /* scenes */ = {
			isa = PBXGroup;
			children = (
				0D557B731A1E63FB00E97B72 /* utils */,
				0D557B491A1CED1400E97B72 /* menuScenes */,
				0D557A251A1BD50E00E97B72 /* gameScenes */,
				0D557A261A1BD50E00E97B72 /* tamagochiCreationScenes */,
			);
			path = scenes;
			sourceTree = "<group>";
		};
		0D557A251A1BD50E00E97B72 /* gameScenes */ = {
			isa = PBXGroup;
			children = (
				0DF3D9B81A2CB15900D0800A /* RankingScene */,
				0D557B671A1E52C100E97B72 /* FeedScene */,
				0D557B431A1BE49800E97B72 /* MainScene */,
			);
			path = gameScenes;
			sourceTree = "<group>";
		};
		0D557A261A1BD50E00E97B72 /* tamagochiCreationScenes */ = {
			isa = PBXGroup;
			children = (
				0D557A271A1BD50E00E97B72 /* tamagochiAssetSelector */,
				0D557A281A1BD50E00E97B72 /* tamagochiNameSelector */,
			);
			path = tamagochiCreationScenes;
			sourceTree = "<group>";
		};
		0D557A271A1BD50E00E97B72 /* tamagochiAssetSelector */ = {
			isa = PBXGroup;
			children = (
				0D557A2E1A1BD54000E97B72 /* TamagochiAssetSelectorViewController.h */,
				0D557A2F1A1BD54000E97B72 /* TamagochiAssetSelectorViewController.m */,
				0D557A301A1BD54000E97B72 /* TamagochiAssetSelectorViewController.xib */,
			);
			path = tamagochiAssetSelector;
			sourceTree = "<group>";
		};
		0D557A281A1BD50E00E97B72 /* tamagochiNameSelector */ = {
			isa = PBXGroup;
			children = (
				0D557A291A1BD50E00E97B72 /* TamagochiNameSelectionViewController.h */,
				0D557A2A1A1BD50E00E97B72 /* TamagochiNameSelectionViewController.m */,
				0D557A2B1A1BD50E00E97B72 /* TamagochiNameSelectionViewController.xib */,
			);
			path = tamagochiNameSelector;
			sourceTree = "<group>";
		};
		0D557B431A1BE49800E97B72 /* MainScene */ = {
			isa = PBXGroup;
			children = (
				0D557B441A1BE4AC00E97B72 /* MainSceneViewController.h */,
				0D557B451A1BE4AC00E97B72 /* MainSceneViewController.m */,
				0D557B461A1BE4AC00E97B72 /* MainSceneViewController.xib */,
			);
			path = MainScene;
			sourceTree = "<group>";
		};
		0D557B491A1CED1400E97B72 /* menuScenes */ = {
			isa = PBXGroup;
			children = (
				0D557B4A1A1CED2C00E97B72 /* MainMenuViewController.h */,
				0D557B4B1A1CED2C00E97B72 /* MainMenuViewController.m */,
				0D557B4C1A1CED2C00E97B72 /* MainMenuViewController.xib */,
			);
			path = menuScenes;
			sourceTree = "<group>";
		};
		0D557B4F1A1D250100E97B72 /* Classes */ = {
			isa = PBXGroup;
			children = (
				0D229C051A2CE64600B023CD /* Tracking */,
				0D745C6F1A26464900251EF1 /* Networking */,
				0D745C091A2378BB00251EF1 /* Delegates */,
				0D557B7F1A1FB1A400E97B72 /* Factories */,
				0D557B5A1A1D444E00E97B72 /* Game */,
				0D557B541A1D257700E97B72 /* Entities */,
				0D557B501A1D250100E97B72 /* CreationFlow */,
			);
			path = Classes;
			sourceTree = "<group>";
		};
		0D557B501A1D250100E97B72 /* CreationFlow */ = {
			isa = PBXGroup;
			children = (
				0D557B511A1D254900E97B72 /* CreationFlow.h */,
				0D557B521A1D254900E97B72 /* CreationFlow.m */,
			);
			path = CreationFlow;
			sourceTree = "<group>";
		};
		0D557B541A1D257700E97B72 /* Entities */ = {
			isa = PBXGroup;
			children = (
				0D557B571A1D291900E97B72 /* Gochi.h */,
				0D557B581A1D291900E97B72 /* Gochi.m */,
				0D557B6E1A1E5F7500E97B72 /* Food.h */,
				0D557B6F1A1E5F7500E97B72 /* Food.m */,
			);
			path = Entities;
			sourceTree = "<group>";
		};
		0D557B551A1D272100E97B72 /* Constants */ = {
			isa = PBXGroup;
			children = (
				0D557B561A1D275100E97B72 /* PetConstants.h */,
				0D557B711A1E5FA300E97B72 /* FoodConstants.h */,
				0D57EA631A28EBDE00200A2C /* NotificationConstants.h */,
				0D229C091A2D019B00B023CD /* ButtonConstants.h */,
			);
			path = Constants;
			sourceTree = "<group>";
		};
		0D557B5A1A1D444E00E97B72 /* Game */ = {
			isa = PBXGroup;
			children = (
				0D557B5B1A1D445A00E97B72 /* Game.h */,
				0D557B5C1A1D445A00E97B72 /* Game.m */,
			);
			path = Game;
			sourceTree = "<group>";
		};
		0D557B671A1E52C100E97B72 /* FeedScene */ = {
			isa = PBXGroup;
			children = (
				0D557B681A1E52D500E97B72 /* FeedSceneViewController.h */,
				0D557B691A1E52D500E97B72 /* FeedSceneViewController.m */,
				0D557B6A1A1E52D500E97B72 /* FeedSceneViewController.xib */,
			);
			path = FeedScene;
			sourceTree = "<group>";
		};
		0D557B731A1E63FB00E97B72 /* utils */ = {
			isa = PBXGroup;
			children = (
				0D557B751A1E671300E97B72 /* ImageLoader.h */,
				0D557B761A1E671300E97B72 /* ImageLoader.m */,
			);
			path = utils;
			sourceTree = "<group>";
		};
		0D557B781A1E6E0300E97B72 /* UI */ = {
			isa = PBXGroup;
			children = (
				0D745C121A2504EB00251EF1 /* ModalViewControllers */,
				0D557B791A1E6E0300E97B72 /* CustomCells */,
			);
			path = UI;
			sourceTree = "<group>";
		};
		0D557B791A1E6E0300E97B72 /* CustomCells */ = {
			isa = PBXGroup;
			children = (
				0D557B7A1A1E6E7200E97B72 /* FoodTableViewCell.h */,
				0D557B7B1A1E6E7200E97B72 /* FoodTableViewCell.m */,
				0D557B7C1A1E6E7200E97B72 /* FoodTableViewCell.xib */,
				0DF3D9B31A2C8E7500D0800A /* GochiTableViewCell.h */,
				0DF3D9B41A2C8E7500D0800A /* GochiTableViewCell.m */,
				0DF3D9B51A2C8E7500D0800A /* GochiTableViewCell.xib */,
			);
			path = CustomCells;
			sourceTree = "<group>";
		};
		0D557B7F1A1FB1A400E97B72 /* Factories */ = {
			isa = PBXGroup;
			children = (
				0D557B801A1FB1C200E97B72 /* PetFactory.h */,
				0D557B811A1FB1C200E97B72 /* PetFactory.m */,
			);
			path = Factories;
			sourceTree = "<group>";
		};
		0D57EA481A28BD7000200A2C /* Notifications */ = {
			isa = PBXGroup;
			children = (
				0D57EA4A1A28BE1100200A2C /* NotificationManager.h */,
				0D57EA4B1A28BE1100200A2C /* NotificationManager.m */,
			);
			path = Notifications;
			sourceTree = "<group>";
		};
		0D745C091A2378BB00251EF1 /* Delegates */ = {
			isa = PBXGroup;
			children = (
				0D745C0A1A2378D500251EF1 /* GochiDelegate.h */,
				0D745C0D1A23C4C300251EF1 /* GameDelegate.h */,
			);
			path = Delegates;
			sourceTree = "<group>";
		};
		0D745C0E1A24FFEA00251EF1 /* Categories */ = {
			isa = PBXGroup;
			children = (
				0D745C0F1A25006B00251EF1 /* NSTimer+TimerSafeInvalidate.h */,
				0D745C101A25006B00251EF1 /* NSTimer+TimerSafeInvalidate.m */,
			);
			path = Categories;
			sourceTree = "<group>";
		};
		0D745C121A2504EB00251EF1 /* ModalViewControllers */ = {
			isa = PBXGroup;
			children = (
			);
			path = ModalViewControllers;
			sourceTree = "<group>";
		};
		0D745C301A26425800251EF1 /* ThirdParty */ = {
			isa = PBXGroup;
			children = (
				0D745C521A2644F200251EF1 /* UIKit+AFNetworking */,
				0D745C311A26425800251EF1 /* AFNetworking */,
			);
			path = ThirdParty;
			sourceTree = "<group>";
		};
		0D745C311A26425800251EF1 /* AFNetworking */ = {
			isa = PBXGroup;
			children = (
				0D745C321A26425800251EF1 /* AFHTTPRequestOperation.h */,
				0D745C331A26425800251EF1 /* AFHTTPRequestOperation.m */,
				0D745C341A26425800251EF1 /* AFHTTPRequestOperationManager.h */,
				0D745C351A26425800251EF1 /* AFHTTPRequestOperationManager.m */,
				0D745C361A26425800251EF1 /* AFHTTPSessionManager.h */,
				0D745C371A26425800251EF1 /* AFHTTPSessionManager.m */,
				0D745C381A26425800251EF1 /* AFNetworking.h */,
				0D745C391A26425800251EF1 /* AFNetworkReachabilityManager.h */,
				0D745C3A1A26425800251EF1 /* AFNetworkReachabilityManager.m */,
				0D745C3B1A26425800251EF1 /* AFSecurityPolicy.h */,
				0D745C3C1A26425800251EF1 /* AFSecurityPolicy.m */,
				0D745C3D1A26425800251EF1 /* AFURLConnectionOperation.h */,
				0D745C3E1A26425800251EF1 /* AFURLConnectionOperation.m */,
				0D745C3F1A26425800251EF1 /* AFURLRequestSerialization.h */,
				0D745C401A26425800251EF1 /* AFURLRequestSerialization.m */,
				0D745C411A26425800251EF1 /* AFURLResponseSerialization.h */,
				0D745C421A26425800251EF1 /* AFURLResponseSerialization.m */,
				0D745C431A26425800251EF1 /* AFURLSessionManager.h */,
				0D745C441A26425800251EF1 /* AFURLSessionManager.m */,
			);
			path = AFNetworking;
			sourceTree = "<group>";
		};
		0D745C521A2644F200251EF1 /* UIKit+AFNetworking */ = {
			isa = PBXGroup;
			children = (
				0D745C531A2644F200251EF1 /* AFNetworkActivityIndicatorManager.h */,
				0D745C541A2644F200251EF1 /* AFNetworkActivityIndicatorManager.m */,
				0D745C551A2644F200251EF1 /* UIActivityIndicatorView+AFNetworking.h */,
				0D745C561A2644F200251EF1 /* UIActivityIndicatorView+AFNetworking.m */,
				0D745C571A2644F200251EF1 /* UIAlertView+AFNetworking.h */,
				0D745C581A2644F200251EF1 /* UIAlertView+AFNetworking.m */,
				0D745C591A2644F200251EF1 /* UIButton+AFNetworking.h */,
				0D745C5A1A2644F200251EF1 /* UIButton+AFNetworking.m */,
				0D745C5B1A2644F200251EF1 /* UIImageView+AFNetworking.h */,
				0D745C5C1A2644F200251EF1 /* UIImageView+AFNetworking.m */,
				0D745C5D1A2644F200251EF1 /* UIKit+AFNetworking.h */,
				0D745C5E1A2644F200251EF1 /* UIProgressView+AFNetworking.h */,
				0D745C5F1A2644F200251EF1 /* UIProgressView+AFNetworking.m */,
				0D745C601A2644F200251EF1 /* UIRefreshControl+AFNetworking.h */,
				0D745C611A2644F200251EF1 /* UIRefreshControl+AFNetworking.m */,
				0D745C621A2644F200251EF1 /* UIWebView+AFNetworking.h */,
				0D745C631A2644F200251EF1 /* UIWebView+AFNetworking.m */,
			);
			path = "UIKit+AFNetworking";
			sourceTree = "<group>";
		};
		0D745C6F1A26464900251EF1 /* Networking */ = {
			isa = PBXGroup;
			children = (
				0D745C701A26465500251EF1 /* NetworkManager.h */,
				0D745C711A26465500251EF1 /* NetworkManager.m */,
				0D2D08BF1A2660C6005D1421 /* NetworkRequestsHelper.h */,
				0D2D08C01A2660C6005D1421 /* NetworkRequestsHelper.m */,
			);
			path = Networking;
			sourceTree = "<group>";
		};
		0DF3D9B81A2CB15900D0800A /* RankingScene */ = {
			isa = PBXGroup;
			children = (
				0DF3D9B91A2CB16E00D0800A /* RankingSceneViewController.h */,
				0DF3D9BA1A2CB16E00D0800A /* RankingSceneViewController.m */,
				0DF3D9BB1A2CB16E00D0800A /* RankingSceneViewController.xib */,
			);
			path = RankingScene;
			sourceTree = "<group>";
		};
/* End PBXGroup section */

/* Begin PBXNativeTarget section */
		0D5579F51A1BCACA00E97B72 /* MataAlGochi */ = {
			isa = PBXNativeTarget;
			buildConfigurationList = 0D557A191A1BCACA00E97B72 /* Build configuration list for PBXNativeTarget "MataAlGochi" */;
			buildPhases = (
				0D5579F21A1BCACA00E97B72 /* Sources */,
				0D5579F31A1BCACA00E97B72 /* Frameworks */,
				0D5579F41A1BCACA00E97B72 /* Resources */,
			);
			buildRules = (
			);
			dependencies = (
			);
			name = MataAlGochi;
			productName = MataAlGochi;
			productReference = 0D5579F61A1BCACA00E97B72 /* MataAlGochi.app */;
			productType = "com.apple.product-type.application";
		};
		0D557A0E1A1BCACA00E97B72 /* MataAlGochiTests */ = {
			isa = PBXNativeTarget;
			buildConfigurationList = 0D557A1C1A1BCACA00E97B72 /* Build configuration list for PBXNativeTarget "MataAlGochiTests" */;
			buildPhases = (
				0D557A0B1A1BCACA00E97B72 /* Sources */,
				0D557A0C1A1BCACA00E97B72 /* Frameworks */,
				0D557A0D1A1BCACA00E97B72 /* Resources */,
			);
			buildRules = (
			);
			dependencies = (
				0D557A111A1BCACA00E97B72 /* PBXTargetDependency */,
			);
			name = MataAlGochiTests;
			productName = MataAlGochiTests;
			productReference = 0D557A0F1A1BCACA00E97B72 /* MataAlGochiTests.xctest */;
			productType = "com.apple.product-type.bundle.unit-test";
		};
/* End PBXNativeTarget section */

/* Begin PBXProject section */
		0D5579EE1A1BCACA00E97B72 /* Project object */ = {
			isa = PBXProject;
			attributes = {
				LastUpgradeCheck = 0610;
				ORGANIZATIONNAME = "Maximiliano Joaquin Degue";
				TargetAttributes = {
					0D5579F51A1BCACA00E97B72 = {
						CreatedOnToolsVersion = 6.1;
						DevelopmentTeam = 332N44E879;
						SystemCapabilities = {
							com.apple.InAppPurchase = {
								enabled = 0;
							};
						};
					};
					0D557A0E1A1BCACA00E97B72 = {
						CreatedOnToolsVersion = 6.1;
						TestTargetID = 0D5579F51A1BCACA00E97B72;
					};
				};
			};
			buildConfigurationList = 0D5579F11A1BCACA00E97B72 /* Build configuration list for PBXProject "MataAlGochi" */;
			compatibilityVersion = "Xcode 3.2";
			developmentRegion = English;
			hasScannedForEncodings = 0;
			knownRegions = (
				en,
				Base,
			);
			mainGroup = 0D5579ED1A1BCACA00E97B72;
			productRefGroup = 0D5579F71A1BCACA00E97B72 /* Products */;
			projectDirPath = "";
			projectRoot = "";
			targets = (
				0D5579F51A1BCACA00E97B72 /* MataAlGochi */,
				0D557A0E1A1BCACA00E97B72 /* MataAlGochiTests */,
			);
		};
/* End PBXProject section */

/* Begin PBXResourcesBuildPhase section */
		0D5579F41A1BCACA00E97B72 /* Resources */ = {
			isa = PBXResourcesBuildPhase;
			buildActionMask = 2147483647;
			files = (
				0DF3D9BD1A2CB16E00D0800A /* RankingSceneViewController.xib in Resources */,
				0D557B481A1BE4AC00E97B72 /* MainSceneViewController.xib in Resources */,
				0D557B7E1A1E6E7200E97B72 /* FoodTableViewCell.xib in Resources */,
				0D557A0A1A1BCACA00E97B72 /* LaunchScreen.xib in Resources */,
				0D557A2D1A1BD50E00E97B72 /* TamagochiNameSelectionViewController.xib in Resources */,
				0D557B6C1A1E52D500E97B72 /* FeedSceneViewController.xib in Resources */,
				0D557A321A1BD54000E97B72 /* TamagochiAssetSelectorViewController.xib in Resources */,
				0DF3D9B71A2C8E7500D0800A /* GochiTableViewCell.xib in Resources */,
				0D557B4E1A1CED2C00E97B72 /* MainMenuViewController.xib in Resources */,
				0D557A071A1BCACA00E97B72 /* Images.xcassets in Resources */,
			);
			runOnlyForDeploymentPostprocessing = 0;
		};
		0D557A0D1A1BCACA00E97B72 /* Resources */ = {
			isa = PBXResourcesBuildPhase;
			buildActionMask = 2147483647;
			files = (
			);
			runOnlyForDeploymentPostprocessing = 0;
		};
/* End PBXResourcesBuildPhase section */

/* Begin PBXSourcesBuildPhase section */
		0D5579F21A1BCACA00E97B72 /* Sources */ = {
			isa = PBXSourcesBuildPhase;
			buildActionMask = 2147483647;
			files = (
				0DF3D9B61A2C8E7500D0800A /* GochiTableViewCell.m in Sources */,
				0D745C111A25006B00251EF1 /* NSTimer+TimerSafeInvalidate.m in Sources */,
				0D745C681A2644F200251EF1 /* UIImageView+AFNetworking.m in Sources */,
				0D745C6A1A2644F200251EF1 /* UIRefreshControl+AFNetworking.m in Sources */,
				0D557B5D1A1D445A00E97B72 /* Game.m in Sources */,
				0D2D08C11A2660C6005D1421 /* NetworkRequestsHelper.m in Sources */,
				0D5579FF1A1BCACA00E97B72 /* AppDelegate.m in Sources */,
				0D745C6B1A2644F200251EF1 /* UIWebView+AFNetworking.m in Sources */,
				0D745C471A26425800251EF1 /* AFHTTPSessionManager.m in Sources */,
				0D557B701A1E5F7500E97B72 /* Food.m in Sources */,
				0D745C481A26425800251EF1 /* AFNetworkReachabilityManager.m in Sources */,
				0D745C451A26425800251EF1 /* AFHTTPRequestOperation.m in Sources */,
				0D745C4B1A26425800251EF1 /* AFURLRequestSerialization.m in Sources */,
				0D745C4A1A26425800251EF1 /* AFURLConnectionOperation.m in Sources */,
				0D745C4D1A26425800251EF1 /* AFURLSessionManager.m in Sources */,
				0D745C691A2644F200251EF1 /* UIProgressView+AFNetworking.m in Sources */,
				0D557B7D1A1E6E7200E97B72 /* FoodTableViewCell.m in Sources */,
				0D745C671A2644F200251EF1 /* UIButton+AFNetworking.m in Sources */,
				0D5579FC1A1BCACA00E97B72 /* main.m in Sources */,
				0D557B471A1BE4AC00E97B72 /* MainSceneViewController.m in Sources */,
				0D57EA4C1A28BE1100200A2C /* NotificationManager.m in Sources */,
				0D557A311A1BD54000E97B72 /* TamagochiAssetSelectorViewController.m in Sources */,
				0D557B591A1D291900E97B72 /* Gochi.m in Sources */,
				0D745C661A2644F200251EF1 /* UIAlertView+AFNetworking.m in Sources */,
				0D557B821A1FB1C200E97B72 /* PetFactory.m in Sources */,
				0DF3D9BC1A2CB16E00D0800A /* RankingSceneViewController.m in Sources */,
				0D229C081A2CE65F00B023CD /* LocationHelper.m in Sources */,
				0D557B4D1A1CED2C00E97B72 /* MainMenuViewController.m in Sources */,
				0D557A2C1A1BD50E00E97B72 /* TamagochiNameSelectionViewController.m in Sources */,
				0D557B531A1D254900E97B72 /* CreationFlow.m in Sources */,
				0D745C721A26465500251EF1 /* NetworkManager.m in Sources */,
				0D745C491A26425800251EF1 /* AFSecurityPolicy.m in Sources */,
				0D557B771A1E671300E97B72 /* ImageLoader.m in Sources */,
				0D745C641A2644F200251EF1 /* AFNetworkActivityIndicatorManager.m in Sources */,
				0D745C461A26425800251EF1 /* AFHTTPRequestOperationManager.m in Sources */,
				0D745C651A2644F200251EF1 /* UIActivityIndicatorView+AFNetworking.m in Sources */,
				0D557B6B1A1E52D500E97B72 /* FeedSceneViewController.m in Sources */,
				0D745C4C1A26425800251EF1 /* AFURLResponseSerialization.m in Sources */,
			);
			runOnlyForDeploymentPostprocessing = 0;
		};
		0D557A0B1A1BCACA00E97B72 /* Sources */ = {
			isa = PBXSourcesBuildPhase;
			buildActionMask = 2147483647;
			files = (
				0D557A161A1BCACA00E97B72 /* MataAlGochiTests.m in Sources */,
			);
			runOnlyForDeploymentPostprocessing = 0;
		};
/* End PBXSourcesBuildPhase section */

/* Begin PBXTargetDependency section */
		0D557A111A1BCACA00E97B72 /* PBXTargetDependency */ = {
			isa = PBXTargetDependency;
			target = 0D5579F51A1BCACA00E97B72 /* MataAlGochi */;
			targetProxy = 0D557A101A1BCACA00E97B72 /* PBXContainerItemProxy */;
		};
/* End PBXTargetDependency section */

/* Begin PBXVariantGroup section */
		0D557A081A1BCACA00E97B72 /* LaunchScreen.xib */ = {
			isa = PBXVariantGroup;
			children = (
				0D557A091A1BCACA00E97B72 /* Base */,
			);
			name = LaunchScreen.xib;
			sourceTree = "<group>";
		};
/* End PBXVariantGroup section */

/* Begin XCBuildConfiguration section */
		0D557A171A1BCACA00E97B72 /* Debug */ = {
			isa = XCBuildConfiguration;
			buildSettings = {
				ALWAYS_SEARCH_USER_PATHS = NO;
				CLANG_CXX_LANGUAGE_STANDARD = "gnu++0x";
				CLANG_CXX_LIBRARY = "libc++";
				CLANG_ENABLE_MODULES = YES;
				CLANG_ENABLE_OBJC_ARC = YES;
				CLANG_WARN_BOOL_CONVERSION = YES;
				CLANG_WARN_CONSTANT_CONVERSION = YES;
				CLANG_WARN_DIRECT_OBJC_ISA_USAGE = YES_ERROR;
				CLANG_WARN_EMPTY_BODY = YES;
				CLANG_WARN_ENUM_CONVERSION = YES;
				CLANG_WARN_INT_CONVERSION = YES;
				CLANG_WARN_OBJC_ROOT_CLASS = YES_ERROR;
				CLANG_WARN_UNREACHABLE_CODE = YES;
				CLANG_WARN__DUPLICATE_METHOD_MATCH = YES;
				"CODE_SIGN_IDENTITY[sdk=iphoneos*]" = "iPhone Developer";
				COPY_PHASE_STRIP = NO;
				ENABLE_STRICT_OBJC_MSGSEND = YES;
				GCC_C_LANGUAGE_STANDARD = gnu99;
				GCC_DYNAMIC_NO_PIC = NO;
				GCC_OPTIMIZATION_LEVEL = 0;
				GCC_PREPROCESSOR_DEFINITIONS = (
					"DEBUG=1",
					"$(inherited)",
				);
				GCC_SYMBOLS_PRIVATE_EXTERN = NO;
				GCC_WARN_64_TO_32_BIT_CONVERSION = YES;
				GCC_WARN_ABOUT_RETURN_TYPE = YES_ERROR;
				GCC_WARN_UNDECLARED_SELECTOR = YES;
				GCC_WARN_UNINITIALIZED_AUTOS = YES_AGGRESSIVE;
				GCC_WARN_UNUSED_FUNCTION = YES;
				GCC_WARN_UNUSED_VARIABLE = YES;
				IPHONEOS_DEPLOYMENT_TARGET = 8.1;
				MTL_ENABLE_DEBUG_INFO = YES;
				ONLY_ACTIVE_ARCH = YES;
				SDKROOT = iphoneos;
			};
			name = Debug;
		};
		0D557A181A1BCACA00E97B72 /* Release */ = {
			isa = XCBuildConfiguration;
			buildSettings = {
				ALWAYS_SEARCH_USER_PATHS = NO;
				CLANG_CXX_LANGUAGE_STANDARD = "gnu++0x";
				CLANG_CXX_LIBRARY = "libc++";
				CLANG_ENABLE_MODULES = YES;
				CLANG_ENABLE_OBJC_ARC = YES;
				CLANG_WARN_BOOL_CONVERSION = YES;
				CLANG_WARN_CONSTANT_CONVERSION = YES;
				CLANG_WARN_DIRECT_OBJC_ISA_USAGE = YES_ERROR;
				CLANG_WARN_EMPTY_BODY = YES;
				CLANG_WARN_ENUM_CONVERSION = YES;
				CLANG_WARN_INT_CONVERSION = YES;
				CLANG_WARN_OBJC_ROOT_CLASS = YES_ERROR;
				CLANG_WARN_UNREACHABLE_CODE = YES;
				CLANG_WARN__DUPLICATE_METHOD_MATCH = YES;
				"CODE_SIGN_IDENTITY[sdk=iphoneos*]" = "iPhone Developer";
				COPY_PHASE_STRIP = YES;
				ENABLE_NS_ASSERTIONS = NO;
				ENABLE_STRICT_OBJC_MSGSEND = YES;
				GCC_C_LANGUAGE_STANDARD = gnu99;
				GCC_WARN_64_TO_32_BIT_CONVERSION = YES;
				GCC_WARN_ABOUT_RETURN_TYPE = YES_ERROR;
				GCC_WARN_UNDECLARED_SELECTOR = YES;
				GCC_WARN_UNINITIALIZED_AUTOS = YES_AGGRESSIVE;
				GCC_WARN_UNUSED_FUNCTION = YES;
				GCC_WARN_UNUSED_VARIABLE = YES;
				IPHONEOS_DEPLOYMENT_TARGET = 8.1;
				MTL_ENABLE_DEBUG_INFO = NO;
				SDKROOT = iphoneos;
				VALIDATE_PRODUCT = YES;
			};
			name = Release;
		};
		0D557A1A1A1BCACA00E97B72 /* Debug */ = {
			isa = XCBuildConfiguration;
			buildSettings = {
				ASSETCATALOG_COMPILER_APPICON_NAME = "AppIcon-2";
				ASSETCATALOG_COMPILER_LAUNCHIMAGE_NAME = LaunchImage;
				CODE_SIGN_IDENTITY = "iOS Development: Maximiliano Degue (92TXH43V7T)";
				"CODE_SIGN_IDENTITY[sdk=iphoneos*]" = "iOS Development: Maximiliano Degue (92TXH43V7T)";
				FRAMEWORK_SEARCH_PATHS = (
					"$(inherited)",
					"$(PROJECT_DIR)/MataAlGochi/ThirdParty/Parse/parse-library-1.5.0",
				);
				INFOPLIST_FILE = MataAlGochi/Info.plist;
				IPHONEOS_DEPLOYMENT_TARGET = 7.1;
				LD_RUNPATH_SEARCH_PATHS = "$(inherited) @executable_path/Frameworks";
				PRODUCT_NAME = "$(TARGET_NAME)";
				PROVISIONING_PROFILE = "b078737b-bc1a-4aa1-ac82-d92e5a969be4";
			};
			name = Debug;
		};
		0D557A1B1A1BCACA00E97B72 /* Release */ = {
			isa = XCBuildConfiguration;
			buildSettings = {
				ASSETCATALOG_COMPILER_APPICON_NAME = "AppIcon-2";
				ASSETCATALOG_COMPILER_LAUNCHIMAGE_NAME = LaunchImage;
				CODE_SIGN_IDENTITY = "iOS Development: Maximiliano Degue (92TXH43V7T)";
				"CODE_SIGN_IDENTITY[sdk=iphoneos*]" = "iPhone Developer";
				FRAMEWORK_SEARCH_PATHS = (
					"$(inherited)",
					"$(PROJECT_DIR)/MataAlGochi/ThirdParty/Parse/parse-library-1.5.0",
				);
				INFOPLIST_FILE = MataAlGochi/Info.plist;
				IPHONEOS_DEPLOYMENT_TARGET = 7.1;
				LD_RUNPATH_SEARCH_PATHS = "$(inherited) @executable_path/Frameworks";
				PRODUCT_NAME = "$(TARGET_NAME)";
				PROVISIONING_PROFILE = "b078737b-bc1a-4aa1-ac82-d92e5a969be4";
			};
			name = Release;
		};
		0D557A1D1A1BCACA00E97B72 /* Debug */ = {
			isa = XCBuildConfiguration;
			buildSettings = {
				BUNDLE_LOADER = "$(TEST_HOST)";
				FRAMEWORK_SEARCH_PATHS = (
					"$(SDKROOT)/Developer/Library/Frameworks",
					"$(inherited)",
				);
				GCC_PREPROCESSOR_DEFINITIONS = (
					"DEBUG=1",
					"$(inherited)",
				);
				INFOPLIST_FILE = MataAlGochiTests/Info.plist;
				LD_RUNPATH_SEARCH_PATHS = "$(inherited) @executable_path/Frameworks @loader_path/Frameworks";
				PRODUCT_NAME = "$(TARGET_NAME)";
				TEST_HOST = "$(BUILT_PRODUCTS_DIR)/MataAlGochi.app/MataAlGochi";
			};
			name = Debug;
		};
		0D557A1E1A1BCACA00E97B72 /* Release */ = {
			isa = XCBuildConfiguration;
			buildSettings = {
				BUNDLE_LOADER = "$(TEST_HOST)";
				FRAMEWORK_SEARCH_PATHS = (
					"$(SDKROOT)/Developer/Library/Frameworks",
					"$(inherited)",
				);
				INFOPLIST_FILE = MataAlGochiTests/Info.plist;
				LD_RUNPATH_SEARCH_PATHS = "$(inherited) @executable_path/Frameworks @loader_path/Frameworks";
				PRODUCT_NAME = "$(TARGET_NAME)";
				TEST_HOST = "$(BUILT_PRODUCTS_DIR)/MataAlGochi.app/MataAlGochi";
			};
			name = Release;
		};
/* End XCBuildConfiguration section */

/* Begin XCConfigurationList section */
		0D5579F11A1BCACA00E97B72 /* Build configuration list for PBXProject "MataAlGochi" */ = {
			isa = XCConfigurationList;
			buildConfigurations = (
				0D557A171A1BCACA00E97B72 /* Debug */,
				0D557A181A1BCACA00E97B72 /* Release */,
			);
			defaultConfigurationIsVisible = 0;
			defaultConfigurationName = Release;
		};
		0D557A191A1BCACA00E97B72 /* Build configuration list for PBXNativeTarget "MataAlGochi" */ = {
			isa = XCConfigurationList;
			buildConfigurations = (
				0D557A1A1A1BCACA00E97B72 /* Debug */,
				0D557A1B1A1BCACA00E97B72 /* Release */,
			);
			defaultConfigurationIsVisible = 0;
			defaultConfigurationName = Release;
		};
		0D557A1C1A1BCACA00E97B72 /* Build configuration list for PBXNativeTarget "MataAlGochiTests" */ = {
			isa = XCConfigurationList;
			buildConfigurations = (
				0D557A1D1A1BCACA00E97B72 /* Debug */,
				0D557A1E1A1BCACA00E97B72 /* Release */,
			);
			defaultConfigurationIsVisible = 0;
			defaultConfigurationName = Release;
		};
/* End XCConfigurationList section */
	};
	rootObject = 0D5579EE1A1BCACA00E97B72 /* Project object */;
}
